<Solution>
  <Folder Name="/Solution Items/">
    <File Path="Directory.Build.props" />
    <File Path="Directory.Packages.props" />
  </Folder>
  <Folder Name="/src/">
    <Project Path="src/Core/PakEdit.Core.csproj" />
    <Project Path="src/PakEdit/PakEdit.csproj" />
  </Folder>
  <Folder Name="/tests/">
    <File Path="tests/Directory.Build.props" />
    <Project Path="tests/Core/PakEdit.Core.Tests.csproj" />
    <Project Path="tests/PakEdit/PakEdit.Tests.csproj" />
  </Folder>
</Solution>
